
Microsoft Visual Studio Solution File, Format Version 12.00
# Visual Studio Version 17
VisualStudioVersion = 17.1.31903.286
MinimumVisualStudioVersion = 10.0.40219.1
Project("{FAE04EC0-301F-11D3-BF4B-00C04F79EFBC}") = "BC.Util", "BC.Util\BC.Util.csproj", "{F06FA238-587B-4A91-898B-35B5D3CA9681}"
EndProject
Global
	GlobalSection(SolutionConfigurationPlatforms) = preSolution
		Debug|Any CPU = Debug|Any CPU
		Release|Any CPU = Release|Any CPU
	EndGlobalSection
	GlobalSection(ProjectConfigurationPlatforms) = postSolution
		{F06FA238-587B-4A91-898B-35B5D3CA9681}.Debug|Any CPU.ActiveCfg = Debug|Any CPU
		{F06FA238-587B-4A91-898B-35B5D3CA9681}.Debug|Any CPU.Build.0 = Debug|Any CPU
		{F06FA238-587B-4A91-898B-35B5D3CA9681}.Release|Any CPU.ActiveCfg = Release|Any CPU
		{F06FA238-587B-4A91-898B-35B5D3CA9681}.Release|Any CPU.Build.0 = Release|Any CPU
	EndGlobalSection
	GlobalSection(SolutionProperties) = preSolution
		HideSolutionNode = FALSE
	EndGlobalSection
	GlobalSection(ExtensibilityGlobals) = postSolution
		SolutionGuid = {D95DA137-D8E2-49A4-9F2B-7A810FE67787}
	EndGlobalSection
EndGlobal
